<Solution>
  <Project Path="asset-store-tools-editor.csproj" />
  <Project Path="Gigaduck.GitIntegration.Editor.csproj" />
  <Project Path="Assembly-CSharp-Editor.csproj" />
  <Project Path="Gigaduck.FolderStructureGenerator.Editor.csproj" />
  <Project Path="Gigaduck.EditorCustomCommands.Editor.csproj" />
  <Project Path="Gigaduck.AutoBoxCollider.Editor.Tests.csproj" />
  <Project Path="Gigaduck.ObjectSnapTool.Editor.csproj" />
  <Project Path="Gigaduck.HierarchyContextMenu.Editor.csproj" />
  <Project Path="Gigaduck.AutoBoxCollider.Editor.csproj" />
  <Project Path="Gigaduck.BatchRenamer.Editor.csproj" />
  <Project Path="Gigaduck.FolderColorizer.Editor.csproj" />
  <Project Path="Gigaduck.EditorNavigator.Editor.csproj" />
  <Project Path="Gigaduck.FastPlayButton.Editor.csproj" />
  <Project Path="Gigaduck.MissingScriptInspector.Editor.csproj" />
  <Project Path="Gigaduck.UrlPackageUpdater.Editor.csproj" />
  <Project Path="Gigaduck.QuickTextureTools.Editor.csproj" />
</Solution>
