<Solution>
  <Project Path="mhze.HierarchyContextMenu.Editor.csproj" />
  <Project Path="mhze.GitIntegration.Editor.csproj" />
  <Project Path="Unity.ObjectSnapTool.Editor.csproj" />
  <Project Path="mhze.EditorNavigator.Editor.csproj" />
  <Project Path="mhze.MissingScriptInspector.Editor.csproj" />
  <Project Path="mhze.UrlPackageUpdater.Editor.csproj" />
  <Project Path="mhze.FastPlayButton.Editor.csproj" />
  <Project Path="mhze.FolderStructureGenerator.Editor.csproj" />
  <Project Path="mhze.BatchRenamer.Editor.csproj" />
  <Project Path="Assembly-CSharp-Editor.csproj" />
  <Project Path="mhze.EditorCustomCommands.Editor.csproj" />
  <Project Path="Unity.QuickTextureTools.Editor.csproj" />
  <Project Path="mhze.FolderColorizer.Editor.csproj" />
</Solution>
